
Microsoft Visual Studio Solution File, Format Version 12.00
# Visual Studio 15
VisualStudioVersion = 15.0.27130.2020
MinimumVisualStudioVersion = 10.0.40219.1
Project("{8BC9CEB8-8B4A-11D0-8D11-00A0C91BC942}") = "BreakOut", "BreakOut\BreakOut.vcxproj", "{A03571BB-2B6E-422B-9630-A660EF015CAD}"
EndProject
Global
	GlobalSection(SolutionConfigurationPlatforms) = preSolution
		Debug|x64 = Debug|x64
		Debug|x86 = Debug|x86
		Release|x64 = Release|x64
		Release|x86 = Release|x86
	EndGlobalSection
	GlobalSection(ProjectConfigurationPlatforms) = postSolution
		{A03571BB-2B6E-422B-9630-A660EF015CAD}.Debug|x64.ActiveCfg = Debug|x64
		{A03571BB-2B6E-422B-9630-A660EF015CAD}.Debug|x64.Build.0 = Debug|x64
		{A03571BB-2B6E-422B-9630-A660EF015CAD}.Debug|x86.ActiveCfg = Debug|Win32
		{A03571BB-2B6E-422B-9630-A660EF015CAD}.Debug|x86.Build.0 = Debug|Win32
		{A03571BB-2B6E-422B-9630-A660EF015CAD}.Release|x64.ActiveCfg = Release|x64
		{A03571BB-2B6E-422B-9630-A660EF015CAD}.Release|x64.Build.0 = Release|x64
		{A03571BB-2B6E-422B-9630-A660EF015CAD}.Release|x86.ActiveCfg = Release|Win32
		{A03571BB-2B6E-422B-9630-A660EF015CAD}.Release|x86.Build.0 = Release|Win32
	EndGlobalSection
	GlobalSection(SolutionProperties) = preSolution
		HideSolutionNode = FALSE
	EndGlobalSection
	GlobalSection(ExtensibilityGlobals) = postSolution
		SolutionGuid = {1CAB06B8-6A39-412E-8AF7-9FC9E4B63329}
	EndGlobalSection
EndGlobal
